<?xml version="1.0" encoding="utf-8"?>
<Project ToolsVersion="4.0" xmlns="http://schemas.microsoft.com/developer/msbuild/2003">
  <ItemGroup>
    <Filter Include="原始程式檔">
      <UniqueIdentifier>{4FC737F1-C7A5-4376-A066-2A32D752A2FF}</UniqueIdentifier>
      <Extensions>cpp;c;cc;cxx;def;odl;idl;hpj;bat;asm;asmx</Extensions>
    </Filter>
    <Filter Include="標頭檔">
      <UniqueIdentifier>{93995380-89BD-4b04-88EB-625FBE52EBFB}</UniqueIdentifier>
      <Extensions>h;hpp;hxx;hm;inl;inc;xsd</Extensions>
    </Filter>
    <Filter Include="資源檔">
      <UniqueIdentifier>{67DA6AB6-F800-4c08-8B7A-83BB121AAD01}</UniqueIdentifier>
      <Extensions>rc;ico;cur;bmp;dlg;rc2;rct;bin;rgs;gif;jpg;jpeg;jpe;resx;tiff;tif;png;wav;mfcribbon-ms</Extensions>
    </Filter>
    <Filter Include="Common">
      <UniqueIdentifier>{a3a13fbf-12e6-40b6-b6be-8380c0a38d7c}</UniqueIdentifier>
    </Filter>
    <Filter Include="原始程式檔\Shader">
      <UniqueIdentifier>{c0f375a0-d333-4a53-b814-87fb1e9c0a36}</UniqueIdentifier>
    </Filter>
    <Filter Include="Utils">
      <UniqueIdentifier>{931f1a7c-4769-43d1-8042-293de4e34611}</UniqueIdentifier>
    </Filter>
    <Filter Include="Midtern">
      <UniqueIdentifier>{455ee2ec-16b1-49a1-9ec9-d2f010cf7daa}</UniqueIdentifier>
    </Filter>
    <Filter Include="Midtern\Enemy">
      <UniqueIdentifier>{4febd2c1-caa8-4aec-83d0-58d1d90e5403}</UniqueIdentifier>
    </Filter>
    <Filter Include="Midtern\Player">
      <UniqueIdentifier>{a5ee32ab-0e9b-4263-b4e1-299c34eee0a4}</UniqueIdentifier>
    </Filter>
    <Filter Include="Midtern\SceneObject">
      <UniqueIdentifier>{9535720b-c76d-4d7e-8148-f56ad4224bb3}</UniqueIdentifier>
    </Filter>
    <Filter Include="Midtern\Bullet">
      <UniqueIdentifier>{7917b79d-3c44-4afd-835d-69e8598ccb18}</UniqueIdentifier>
    </Filter>
    <Filter Include="Utils\Movement">
      <UniqueIdentifier>{0b50d383-4129-463a-b771-f3277fbcee15}</UniqueIdentifier>
    </Filter>
    <Filter Include="Utils\Collider">
      <UniqueIdentifier>{9366d1fd-8119-41eb-af8a-825be8eceeaa}</UniqueIdentifier>
    </Filter>
  </ItemGroup>
  <ItemGroup>
    <ClCompile Include="InitShader.cpp">
      <Filter>原始程式檔</Filter>
    </ClCompile>
    <ClCompile Include="Common\common.cpp">
      <Filter>Common</Filter>
    </ClCompile>
    <ClCompile Include="Common\Timer.cpp">
      <Filter>Common</Filter>
    </ClCompile>
    <ClCompile Include="Utils\Input.cpp">
      <Filter>Utils</Filter>
    </ClCompile>
    <ClCompile Include="Utils\Transform.cpp">
      <Filter>Utils</Filter>
    </ClCompile>
    <ClCompile Include="Midtern\Main.cpp">
      <Filter>Midtern</Filter>
    </ClCompile>
    <ClCompile Include="Midtern\MainScene.cpp">
      <Filter>Midtern</Filter>
    </ClCompile>
    <ClCompile Include="Utils\CountdownTimer.cpp">
      <Filter>Utils</Filter>
    </ClCompile>
    <ClCompile Include="Midtern\Character.cpp">
      <Filter>Midtern</Filter>
    </ClCompile>
    <ClCompile Include="Utils\ObjectPool.cpp">
      <Filter>Utils</Filter>
    </ClCompile>
    <ClCompile Include="Utils\Random.cpp">
      <Filter>Utils</Filter>
    </ClCompile>
    <ClCompile Include="Midtern\Enemy\Shushu.cpp">
      <Filter>Midtern\Enemy</Filter>
    </ClCompile>
    <ClCompile Include="Midtern\Bullet\Bullet.cpp">
      <Filter>Midtern\Bullet</Filter>
    </ClCompile>
    <ClCompile Include="Midtern\Bullet\BulletPool.cpp">
      <Filter>Midtern\Bullet</Filter>
    </ClCompile>
    <ClCompile Include="Midtern\SceneObject\Background.cpp">
      <Filter>Midtern\SceneObject</Filter>
    </ClCompile>
    <ClCompile Include="Midtern\SceneObject\Star.cpp">
      <Filter>Midtern\SceneObject</Filter>
    </ClCompile>
    <ClCompile Include="Midtern\Player\Player.cpp">
      <Filter>Midtern\Player</Filter>
    </ClCompile>
    <ClCompile Include="Utils\Movement\PingPongMove.cpp">
      <Filter>Utils\Movement</Filter>
    </ClCompile>
    <ClCompile Include="Utils\Collider\CircleCollider.cpp">
      <Filter>Utils\Collider</Filter>
    </ClCompile>
  </ItemGroup>
  <ItemGroup>
    <ClInclude Include="Header\Angel.h">
      <Filter>標頭檔</Filter>
    </ClInclude>
    <ClInclude Include="Header\CheckError.h">
      <Filter>標頭檔</Filter>
    </ClInclude>
    <ClInclude Include="Header\mat.h">
      <Filter>標頭檔</Filter>
    </ClInclude>
    <ClInclude Include="Header\vec.h">
      <Filter>標頭檔</Filter>
    </ClInclude>
    <ClInclude Include="Common\Timer.h">
      <Filter>Common</Filter>
    </ClInclude>
    <ClInclude Include="Utils\Input.h">
      <Filter>Utils</Filter>
    </ClInclude>
    <ClInclude Include="Utils\Transform.h">
      <Filter>Utils</Filter>
    </ClInclude>
    <ClInclude Include="Midtern\MainScene.h">
      <Filter>Midtern</Filter>
    </ClInclude>
    <ClInclude Include="Utils\ObjectPool.h">
      <Filter>Utils</Filter>
    </ClInclude>
    <ClInclude Include="Utils\CountdownTimer.h">
      <Filter>Utils</Filter>
    </ClInclude>
    <ClInclude Include="Midtern\Character.h">
      <Filter>Midtern</Filter>
    </ClInclude>
    <ClInclude Include="Utils\Random.h">
      <Filter>Utils</Filter>
    </ClInclude>
    <ClInclude Include="Midtern\Enemy\Shushu.h">
      <Filter>Midtern\Enemy</Filter>
    </ClInclude>
    <ClInclude Include="Midtern\Bullet\Bullet.h">
      <Filter>Midtern\Bullet</Filter>
    </ClInclude>
    <ClInclude Include="Midtern\Bullet\BulletPool.h">
      <Filter>Midtern\Bullet</Filter>
    </ClInclude>
    <ClInclude Include="Midtern\SceneObject\Background.h">
      <Filter>Midtern\SceneObject</Filter>
    </ClInclude>
    <ClInclude Include="Midtern\SceneObject\Star.h">
      <Filter>Midtern\SceneObject</Filter>
    </ClInclude>
    <ClInclude Include="Midtern\Player\Player.h">
      <Filter>Midtern\Player</Filter>
    </ClInclude>
    <ClInclude Include="Utils\Movement\PingPongMove.h">
      <Filter>Utils\Movement</Filter>
    </ClInclude>
    <ClInclude Include="Utils\Collider\CircleCollider.h">
      <Filter>Utils\Collider</Filter>
    </ClInclude>
  </ItemGroup>
  <ItemGroup>
    <None Include="fsVtxColor.glsl">
      <Filter>原始程式檔\Shader</Filter>
    </None>
    <None Include="vsVtxColor.glsl">
      <Filter>原始程式檔\Shader</Filter>
    </None>
    <None Include="vsVtxColorEX2.glsl">
      <Filter>原始程式檔\Shader</Filter>
    </None>
    <None Include="vsVtxColorEX1.glsl">
      <Filter>原始程式檔\Shader</Filter>
    </None>
  </ItemGroup>
</Project>